// !$*UTF8*$!
{
	archiveVersion = 1;
	classes = {
	};
	objectVersion = 48;
	objects = {

/* Begin PBXBuildFile section */
		702F3A821F6815290083E6F9 /* ViewViewController.swift in Sources */ = {isa = PBXBuildFile; fileRef = 702F3A811F6815290083E6F9 /* ViewViewController.swift */; };
		709898C91F67E21F004FB6BE /* AppDelegate.swift in Sources */ = {isa = PBXBuildFile; fileRef = 709898C81F67E21F004FB6BE /* AppDelegate.swift */; };
		709898CE1F67E21F004FB6BE /* Main.storyboard in Resources */ = {isa = PBXBuildFile; fileRef = 709898CC1F67E21F004FB6BE /* Main.storyboard */; };
		709898D11F67E21F004FB6BE /* MagazineSave.xcdatamodeld in Sources */ = {isa = PBXBuildFile; fileRef = 709898CF1F67E21F004FB6BE /* MagazineSave.xcdatamodeld */; };
		709898D31F67E21F004FB6BE /* Assets.xcassets in Resources */ = {isa = PBXBuildFile; fileRef = 709898D21F67E21F004FB6BE /* Assets.xcassets */; };
		709898D61F67E21F004FB6BE /* LaunchScreen.storyboard in Resources */ = {isa = PBXBuildFile; fileRef = 709898D41F67E21F004FB6BE /* LaunchScreen.storyboard */; };
		709898E11F67E21F004FB6BE /* MagazineSaveTests.swift in Sources */ = {isa = PBXBuildFile; fileRef = 709898E01F67E21F004FB6BE /* MagazineSaveTests.swift */; };
		709898EC1F67E21F004FB6BE /* MagazineSaveUITests.swift in Sources */ = {isa = PBXBuildFile; fileRef = 709898EB1F67E21F004FB6BE /* MagazineSaveUITests.swift */; };
		709898FB1F67E6A6004FB6BE /* CollectionTableViewController.swift in Sources */ = {isa = PBXBuildFile; fileRef = 709898FA1F67E6A6004FB6BE /* CollectionTableViewController.swift */; };
		709898FD1F67E6B1004FB6BE /* DetailViewController.swift in Sources */ = {isa = PBXBuildFile; fileRef = 709898FC1F67E6B1004FB6BE /* DetailViewController.swift */; };
/* End PBXBuildFile section */

/* Begin PBXContainerItemProxy section */
		709898DD1F67E21F004FB6BE /* PBXContainerItemProxy */ = {
			isa = PBXContainerItemProxy;
			containerPortal = 709898BD1F67E21F004FB6BE /* Project object */;
			proxyType = 1;
			remoteGlobalIDString = 709898C41F67E21F004FB6BE;
			remoteInfo = MagazineSave;
		};
		709898E81F67E21F004FB6BE /* PBXContainerItemProxy */ = {
			isa = PBXContainerItemProxy;
			containerPortal = 709898BD1F67E21F004FB6BE /* Project object */;
			proxyType = 1;
			remoteGlobalIDString = 709898C41F67E21F004FB6BE;
			remoteInfo = MagazineSave;
		};
/* End PBXContainerItemProxy section */

/* Begin PBXFileReference section */
		702F3A811F6815290083E6F9 /* ViewViewController.swift */ = {isa = PBXFileReference; lastKnownFileType = sourcecode.swift; path = ViewViewController.swift; sourceTree = "<group>"; };
		709898C51F67E21F004FB6BE /* MagazineSave.app */ = {isa = PBXFileReference; explicitFileType = wrapper.application; includeInIndex = 0; path = MagazineSave.app; sourceTree = BUILT_PRODUCTS_DIR; };
		709898C81F67E21F004FB6BE /* AppDelegate.swift */ = {isa = PBXFileReference; lastKnownFileType = sourcecode.swift; path = AppDelegate.swift; sourceTree = "<group>"; };
		709898CD1F67E21F004FB6BE /* Base */ = {isa = PBXFileReference; lastKnownFileType = file.storyboard; name = Base; path = Base.lproj/Main.storyboard; sourceTree = "<group>"; };
		709898D01F67E21F004FB6BE /* MagazineSave.xcdatamodel */ = {isa = PBXFileReference; lastKnownFileType = wrapper.xcdatamodel; path = MagazineSave.xcdatamodel; sourceTree = "<group>"; };
		709898D21F67E21F004FB6BE /* Assets.xcassets */ = {isa = PBXFileReference; lastKnownFileType = folder.assetcatalog; path = Assets.xcassets; sourceTree = "<group>"; };
		709898D51F67E21F004FB6BE /* Base */ = {isa = PBXFileReference; lastKnownFileType = file.storyboard; name = Base; path = Base.lproj/LaunchScreen.storyboard; sourceTree = "<group>"; };
		709898D71F67E21F004FB6BE /* Info.plist */ = {isa = PBXFileReference; lastKnownFileType = text.plist.xml; path = Info.plist; sourceTree = "<group>"; };
		709898DC1F67E21F004FB6BE /* MagazineSaveTests.xctest */ = {isa = PBXFileReference; explicitFileType = wrapper.cfbundle; includeInIndex = 0; path = MagazineSaveTests.xctest; sourceTree = BUILT_PRODUCTS_DIR; };
		709898E01F67E21F004FB6BE /* MagazineSaveTests.swift */ = {isa = PBXFileReference; lastKnownFileType = sourcecode.swift; path = MagazineSaveTests.swift; sourceTree = "<group>"; };
		709898E21F67E21F004FB6BE /* Info.plist */ = {isa = PBXFileReference; lastKnownFileType = text.plist.xml; path = Info.plist; sourceTree = "<group>"; };
		709898E71F67E21F004FB6BE /* MagazineSaveUITests.xctest */ = {isa = PBXFileReference; explicitFileType = wrapper.cfbundle; includeInIndex = 0; path = MagazineSaveUITests.xctest; sourceTree = BUILT_PRODUCTS_DIR; };
		709898EB1F67E21F004FB6BE /* MagazineSaveUITests.swift */ = {isa = PBXFileReference; lastKnownFileType = sourcecode.swift; path = MagazineSaveUITests.swift; sourceTree = "<group>"; };
		709898ED1F67E21F004FB6BE /* Info.plist */ = {isa = PBXFileReference; lastKnownFileType = text.plist.xml; path = Info.plist; sourceTree = "<group>"; };
		709898FA1F67E6A6004FB6BE /* CollectionTableViewController.swift */ = {isa = PBXFileReference; lastKnownFileType = sourcecode.swift; path = CollectionTableViewController.swift; sourceTree = "<group>"; };
		709898FC1F67E6B1004FB6BE /* DetailViewController.swift */ = {isa = PBXFileReference; lastKnownFileType = sourcecode.swift; path = DetailViewController.swift; sourceTree = "<group>"; };
		709898FF1F67E849004FB6BE /* RoundedButton.swift */ = {isa = PBXFileReference; lastKnownFileType = sourcecode.swift; path = RoundedButton.swift; sourceTree = "<group>"; };
/* End PBXFileReference section */

/* Begin PBXFrameworksBuildPhase section */
		709898C21F67E21F004FB6BE /* Frameworks */ = {
			isa = PBXFrameworksBuildPhase;
			buildActionMask = 2147483647;
			files = (
			);
			runOnlyForDeploymentPostprocessing = 0;
		};
		709898D91F67E21F004FB6BE /* Frameworks */ = {
			isa = PBXFrameworksBuildPhase;
			buildActionMask = 2147483647;
			files = (
			);
			runOnlyForDeploymentPostprocessing = 0;
		};
		709898E41F67E21F004FB6BE /* Frameworks */ = {
			isa = PBXFrameworksBuildPhase;
			buildActionMask = 2147483647;
			files = (
			);
			runOnlyForDeploymentPostprocessing = 0;
		};
/* End PBXFrameworksBuildPhase section */

/* Begin PBXGroup section */
		709898BC1F67E21F004FB6BE = {
			isa = PBXGroup;
			children = (
				709898C71F67E21F004FB6BE /* MagazineSave */,
				709898DF1F67E21F004FB6BE /* MagazineSaveTests */,
				709898EA1F67E21F004FB6BE /* MagazineSaveUITests */,
				709898C61F67E21F004FB6BE /* Products */,
			);
			sourceTree = "<group>";
		};
		709898C61F67E21F004FB6BE /* Products */ = {
			isa = PBXGroup;
			children = (
				709898C51F67E21F004FB6BE /* MagazineSave.app */,
				709898DC1F67E21F004FB6BE /* MagazineSaveTests.xctest */,
				709898E71F67E21F004FB6BE /* MagazineSaveUITests.xctest */,
			);
			name = Products;
			sourceTree = "<group>";
		};
		709898C71F67E21F004FB6BE /* MagazineSave */ = {
			isa = PBXGroup;
			children = (
				709898FE1F67E827004FB6BE /* Custom UI */,
				709898F91F67E698004FB6BE /* VC */,
				709898C81F67E21F004FB6BE /* AppDelegate.swift */,
				709898CC1F67E21F004FB6BE /* Main.storyboard */,
				709898D21F67E21F004FB6BE /* Assets.xcassets */,
				709898D41F67E21F004FB6BE /* LaunchScreen.storyboard */,
				709898D71F67E21F004FB6BE /* Info.plist */,
				709898CF1F67E21F004FB6BE /* MagazineSave.xcdatamodeld */,
			);
			path = MagazineSave;
			sourceTree = "<group>";
		};
		709898DF1F67E21F004FB6BE /* MagazineSaveTests */ = {
			isa = PBXGroup;
			children = (
				709898E01F67E21F004FB6BE /* MagazineSaveTests.swift */,
				709898E21F67E21F004FB6BE /* Info.plist */,
			);
			path = MagazineSaveTests;
			sourceTree = "<group>";
		};
		709898EA1F67E21F004FB6BE /* MagazineSaveUITests */ = {
			isa = PBXGroup;
			children = (
				709898EB1F67E21F004FB6BE /* MagazineSaveUITests.swift */,
				709898ED1F67E21F004FB6BE /* Info.plist */,
			);
			path = MagazineSaveUITests;
			sourceTree = "<group>";
		};
		709898F91F67E698004FB6BE /* VC */ = {
			isa = PBXGroup;
			children = (
				709898FA1F67E6A6004FB6BE /* CollectionTableViewController.swift */,
				709898FC1F67E6B1004FB6BE /* DetailViewController.swift */,
				702F3A811F6815290083E6F9 /* ViewViewController.swift */,
			);
			path = VC;
			sourceTree = "<group>";
		};
		709898FE1F67E827004FB6BE /* Custom UI */ = {
			isa = PBXGroup;
			children = (
				709898FF1F67E849004FB6BE /* RoundedButton.swift */,
			);
			path = "Custom UI";
			sourceTree = "<group>";
		};
/* End PBXGroup section */

/* Begin PBXNativeTarget section */
		709898C41F67E21F004FB6BE /* MagazineSave */ = {
			isa = PBXNativeTarget;
			buildConfigurationList = 709898F01F67E21F004FB6BE /* Build configuration list for PBXNativeTarget "MagazineSave" */;
			buildPhases = (
				709898C11F67E21F004FB6BE /* Sources */,
				709898C21F67E21F004FB6BE /* Frameworks */,
				709898C31F67E21F004FB6BE /* Resources */,
			);
			buildRules = (
			);
			dependencies = (
			);
			name = MagazineSave;
			productName = MagazineSave;
			productReference = 709898C51F67E21F004FB6BE /* MagazineSave.app */;
			productType = "com.apple.product-type.application";
		};
		709898DB1F67E21F004FB6BE /* MagazineSaveTests */ = {
			isa = PBXNativeTarget;
			buildConfigurationList = 709898F31F67E21F004FB6BE /* Build configuration list for PBXNativeTarget "MagazineSaveTests" */;
			buildPhases = (
				709898D81F67E21F004FB6BE /* Sources */,
				709898D91F67E21F004FB6BE /* Frameworks */,
				709898DA1F67E21F004FB6BE /* Resources */,
			);
			buildRules = (
			);
			dependencies = (
				709898DE1F67E21F004FB6BE /* PBXTargetDependency */,
			);
			name = MagazineSaveTests;
			productName = MagazineSaveTests;
			productReference = 709898DC1F67E21F004FB6BE /* MagazineSaveTests.xctest */;
			productType = "com.apple.product-type.bundle.unit-test";
		};
		709898E61F67E21F004FB6BE /* MagazineSaveUITests */ = {
			isa = PBXNativeTarget;
			buildConfigurationList = 709898F61F67E21F004FB6BE /* Build configuration list for PBXNativeTarget "MagazineSaveUITests" */;
			buildPhases = (
				709898E31F67E21F004FB6BE /* Sources */,
				709898E41F67E21F004FB6BE /* Frameworks */,
				709898E51F67E21F004FB6BE /* Resources */,
			);
			buildRules = (
			);
			dependencies = (
				709898E91F67E21F004FB6BE /* PBXTargetDependency */,
			);
			name = MagazineSaveUITests;
			productName = MagazineSaveUITests;
			productReference = 709898E71F67E21F004FB6BE /* MagazineSaveUITests.xctest */;
			productType = "com.apple.product-type.bundle.ui-testing";
		};
/* End PBXNativeTarget section */

/* Begin PBXProject section */
		709898BD1F67E21F004FB6BE /* Project object */ = {
			isa = PBXProject;
			attributes = {
				LastSwiftUpdateCheck = 0900;
				LastUpgradeCheck = 0900;
				ORGANIZATIONNAME = egoDev;
				TargetAttributes = {
					709898C41F67E21F004FB6BE = {
						CreatedOnToolsVersion = 9.0;
						ProvisioningStyle = Automatic;
					};
					709898DB1F67E21F004FB6BE = {
						CreatedOnToolsVersion = 9.0;
						ProvisioningStyle = Automatic;
						TestTargetID = 709898C41F67E21F004FB6BE;
					};
					709898E61F67E21F004FB6BE = {
						CreatedOnToolsVersion = 9.0;
						ProvisioningStyle = Automatic;
						TestTargetID = 709898C41F67E21F004FB6BE;
					};
				};
			};
			buildConfigurationList = 709898C01F67E21F004FB6BE /* Build configuration list for PBXProject "MagazineSave" */;
			compatibilityVersion = "Xcode 8.0";
			developmentRegion = en;
			hasScannedForEncodings = 0;
			knownRegions = (
				en,
				Base,
			);
			mainGroup = 709898BC1F67E21F004FB6BE;
			productRefGroup = 709898C61F67E21F004FB6BE /* Products */;
			projectDirPath = "";
			projectRoot = "";
			targets = (
				709898C41F67E21F004FB6BE /* MagazineSave */,
				709898DB1F67E21F004FB6BE /* MagazineSaveTests */,
				709898E61F67E21F004FB6BE /* MagazineSaveUITests */,
			);
		};
/* End PBXProject section */

/* Begin PBXResourcesBuildPhase section */
		709898C31F67E21F004FB6BE /* Resources */ = {
			isa = PBXResourcesBuildPhase;
			buildActionMask = 2147483647;
			files = (
				709898D61F67E21F004FB6BE /* LaunchScreen.storyboard in Resources */,
				709898D31F67E21F004FB6BE /* Assets.xcassets in Resources */,
				709898CE1F67E21F004FB6BE /* Main.storyboard in Resources */,
			);
			runOnlyForDeploymentPostprocessing = 0;
		};
		709898DA1F67E21F004FB6BE /* Resources */ = {
			isa = PBXResourcesBuildPhase;
			buildActionMask = 2147483647;
			files = (
			);
			runOnlyForDeploymentPostprocessing = 0;
		};
		709898E51F67E21F004FB6BE /* Resources */ = {
			isa = PBXResourcesBuildPhase;
			buildActionMask = 2147483647;
			files = (
			);
			runOnlyForDeploymentPostprocessing = 0;
		};
/* End PBXResourcesBuildPhase section */

/* Begin PBXSourcesBuildPhase section */
		709898C11F67E21F004FB6BE /* Sources */ = {
			isa = PBXSourcesBuildPhase;
			buildActionMask = 2147483647;
			files = (
				709898C91F67E21F004FB6BE /* AppDelegate.swift in Sources */,
				709898FB1F67E6A6004FB6BE /* CollectionTableViewController.swift in Sources */,
				702F3A821F6815290083E6F9 /* ViewViewController.swift in Sources */,
				709898D11F67E21F004FB6BE /* MagazineSave.xcdatamodeld in Sources */,
				709898FD1F67E6B1004FB6BE /* DetailViewController.swift in Sources */,
			);
			runOnlyForDeploymentPostprocessing = 0;
		};
		709898D81F67E21F004FB6BE /* Sources */ = {
			isa = PBXSourcesBuildPhase;
			buildActionMask = 2147483647;
			files = (
				709898E11F67E21F004FB6BE /* MagazineSaveTests.swift in Sources */,
			);
			runOnlyForDeploymentPostprocessing = 0;
		};
		709898E31F67E21F004FB6BE /* Sources */ = {
			isa = PBXSourcesBuildPhase;
			buildActionMask = 2147483647;
			files = (
				709898EC1F67E21F004FB6BE /* MagazineSaveUITests.swift in Sources */,
			);
			runOnlyForDeploymentPostprocessing = 0;
		};
/* End PBXSourcesBuildPhase section */

/* Begin PBXTargetDependency section */
		709898DE1F67E21F004FB6BE /* PBXTargetDependency */ = {
			isa = PBXTargetDependency;
			target = 709898C41F67E21F004FB6BE /* MagazineSave */;
			targetProxy = 709898DD1F67E21F004FB6BE /* PBXContainerItemProxy */;
		};
		709898E91F67E21F004FB6BE /* PBXTargetDependency */ = {
			isa = PBXTargetDependency;
			target = 709898C41F67E21F004FB6BE /* MagazineSave */;
			targetProxy = 709898E81F67E21F004FB6BE /* PBXContainerItemProxy */;
		};
/* End PBXTargetDependency section */

/* Begin PBXVariantGroup section */
		709898CC1F67E21F004FB6BE /* Main.storyboard */ = {
			isa = PBXVariantGroup;
			children = (
				709898CD1F67E21F004FB6BE /* Base */,
			);
			name = Main.storyboard;
			sourceTree = "<group>";
		};
		709898D41F67E21F004FB6BE /* LaunchScreen.storyboard */ = {
			isa = PBXVariantGroup;
			children = (
				709898D51F67E21F004FB6BE /* Base */,
			);
			name = LaunchScreen.storyboard;
			sourceTree = "<group>";
		};
/* End PBXVariantGroup section */

/* Begin XCBuildConfiguration section */
		709898EE1F67E21F004FB6BE /* Debug */ = {
			isa = XCBuildConfiguration;
			buildSettings = {
				ALWAYS_SEARCH_USER_PATHS = NO;
				CLANG_ANALYZER_NONNULL = YES;
				CLANG_ANALYZER_NUMBER_OBJECT_CONVERSION = YES_AGGRESSIVE;
				CLANG_CXX_LANGUAGE_STANDARD = "gnu++14";
				CLANG_CXX_LIBRARY = "libc++";
				CLANG_ENABLE_MODULES = YES;
				CLANG_ENABLE_OBJC_ARC = YES;
				CLANG_WARN_BLOCK_CAPTURE_AUTORELEASING = YES;
				CLANG_WARN_BOOL_CONVERSION = YES;
				CLANG_WARN_COMMA = YES;
				CLANG_WARN_CONSTANT_CONVERSION = YES;
				CLANG_WARN_DIRECT_OBJC_ISA_USAGE = YES_ERROR;
				CLANG_WARN_DOCUMENTATION_COMMENTS = YES;
				CLANG_WARN_EMPTY_BODY = YES;
				CLANG_WARN_ENUM_CONVERSION = YES;
				CLANG_WARN_INFINITE_RECURSION = YES;
				CLANG_WARN_INT_CONVERSION = YES;
				CLANG_WARN_NON_LITERAL_NULL_CONVERSION = YES;
				CLANG_WARN_OBJC_LITERAL_CONVERSION = YES;
				CLANG_WARN_OBJC_ROOT_CLASS = YES_ERROR;
				CLANG_WARN_RANGE_LOOP_ANALYSIS = YES;
				CLANG_WARN_STRICT_PROTOTYPES = YES;
				CLANG_WARN_SUSPICIOUS_MOVE = YES;
				CLANG_WARN_UNGUARDED_AVAILABILITY = YES_AGGRESSIVE;
				CLANG_WARN_UNREACHABLE_CODE = YES;
				CLANG_WARN__DUPLICATE_METHOD_MATCH = YES;
				CODE_SIGN_IDENTITY = "iPhone Developer";
				COPY_PHASE_STRIP = NO;
				DEBUG_INFORMATION_FORMAT = dwarf;
				ENABLE_STRICT_OBJC_MSGSEND = YES;
				ENABLE_TESTABILITY = YES;
				GCC_C_LANGUAGE_STANDARD = gnu11;
				GCC_DYNAMIC_NO_PIC = NO;
				GCC_NO_COMMON_BLOCKS = YES;
				GCC_OPTIMIZATION_LEVEL = 0;
				GCC_PREPROCESSOR_DEFINITIONS = (
					"DEBUG=1",
					"$(inherited)",
				);
				GCC_WARN_64_TO_32_BIT_CONVERSION = YES;
				GCC_WARN_ABOUT_RETURN_TYPE = YES_ERROR;
				GCC_WARN_UNDECLARED_SELECTOR = YES;
				GCC_WARN_UNINITIALIZED_AUTOS = YES_AGGRESSIVE;
				GCC_WARN_UNUSED_FUNCTION = YES;
				GCC_WARN_UNUSED_VARIABLE = YES;
				IPHONEOS_DEPLOYMENT_TARGET = 11.0;
				MTL_ENABLE_DEBUG_INFO = YES;
				ONLY_ACTIVE_ARCH = YES;
				SDKROOT = iphoneos;
				SWIFT_ACTIVE_COMPILATION_CONDITIONS = DEBUG;
				SWIFT_OPTIMIZATION_LEVEL = "-Onone";
			};
			name = Debug;
		};
		709898EF1F67E21F004FB6BE /* Release */ = {
			isa = XCBuildConfiguration;
			buildSettings = {
				ALWAYS_SEARCH_USER_PATHS = NO;
				CLANG_ANALYZER_NONNULL = YES;
				CLANG_ANALYZER_NUMBER_OBJECT_CONVERSION = YES_AGGRESSIVE;
				CLANG_CXX_LANGUAGE_STANDARD = "gnu++14";
				CLANG_CXX_LIBRARY = "libc++";
				CLANG_ENABLE_MODULES = YES;
				CLANG_ENABLE_OBJC_ARC = YES;
				CLANG_WARN_BLOCK_CAPTURE_AUTORELEASING = YES;
				CLANG_WARN_BOOL_CONVERSION = YES;
				CLANG_WARN_COMMA = YES;
				CLANG_WARN_CONSTANT_CONVERSION = YES;
				CLANG_WARN_DIRECT_OBJC_ISA_USAGE = YES_ERROR;
				CLANG_WARN_DOCUMENTATION_COMMENTS = YES;
				CLANG_WARN_EMPTY_BODY = YES;
				CLANG_WARN_ENUM_CONVERSION = YES;
				CLANG_WARN_INFINITE_RECURSION = YES;
				CLANG_WARN_INT_CONVERSION = YES;
				CLANG_WARN_NON_LITERAL_NULL_CONVERSION = YES;
				CLANG_WARN_OBJC_LITERAL_CONVERSION = YES;
				CLANG_WARN_OBJC_ROOT_CLASS = YES_ERROR;
				CLANG_WARN_RANGE_LOOP_ANALYSIS = YES;
				CLANG_WARN_STRICT_PROTOTYPES = YES;
				CLANG_WARN_SUSPICIOUS_MOVE = YES;
				CLANG_WARN_UNGUARDED_AVAILABILITY = YES_AGGRESSIVE;
				CLANG_WARN_UNREACHABLE_CODE = YES;
				CLANG_WARN__DUPLICATE_METHOD_MATCH = YES;
				CODE_SIGN_IDENTITY = "iPhone Developer";
				COPY_PHASE_STRIP = NO;
				DEBUG_INFORMATION_FORMAT = "dwarf-with-dsym";
				ENABLE_NS_ASSERTIONS = NO;
				ENABLE_STRICT_OBJC_MSGSEND = YES;
				GCC_C_LANGUAGE_STANDARD = gnu11;
				GCC_NO_COMMON_BLOCKS = YES;
				GCC_WARN_64_TO_32_BIT_CONVERSION = YES;
				GCC_WARN_ABOUT_RETURN_TYPE = YES_ERROR;
				GCC_WARN_UNDECLARED_SELECTOR = YES;
				GCC_WARN_UNINITIALIZED_AUTOS = YES_AGGRESSIVE;
				GCC_WARN_UNUSED_FUNCTION = YES;
				GCC_WARN_UNUSED_VARIABLE = YES;
				IPHONEOS_DEPLOYMENT_TARGET = 11.0;
				MTL_ENABLE_DEBUG_INFO = NO;
				SDKROOT = iphoneos;
				SWIFT_OPTIMIZATION_LEVEL = "-Owholemodule";
				VALIDATE_PRODUCT = YES;
			};
			name = Release;
		};
		709898F11F67E21F004FB6BE /* Debug */ = {
			isa = XCBuildConfiguration;
			buildSettings = {
				ASSETCATALOG_COMPILER_APPICON_NAME = AppIcon;
				CODE_SIGN_STYLE = Automatic;
				DEVELOPMENT_TEAM = 895Q7MTPTC;
				INFOPLIST_FILE = MagazineSave/Info.plist;
				LD_RUNPATH_SEARCH_PATHS = "$(inherited) @executable_path/Frameworks";
				PRODUCT_BUNDLE_IDENTIFIER = uk.egodev.MagazineSave;
				PRODUCT_NAME = "$(TARGET_NAME)";
				SWIFT_VERSION = 4.0;
				TARGETED_DEVICE_FAMILY = "1,2";
			};
			name = Debug;
		};
		709898F21F67E21F004FB6BE /* Release */ = {
			isa = XCBuildConfiguration;
			buildSettings = {
				ASSETCATALOG_COMPILER_APPICON_NAME = AppIcon;
				CODE_SIGN_STYLE = Automatic;
				DEVELOPMENT_TEAM = 895Q7MTPTC;
				INFOPLIST_FILE = MagazineSave/Info.plist;
				LD_RUNPATH_SEARCH_PATHS = "$(inherited) @executable_path/Frameworks";
				PRODUCT_BUNDLE_IDENTIFIER = uk.egodev.MagazineSave;
				PRODUCT_NAME = "$(TARGET_NAME)";
				SWIFT_VERSION = 4.0;
				TARGETED_DEVICE_FAMILY = "1,2";
			};
			name = Release;
		};
		709898F41F67E21F004FB6BE /* Debug */ = {
			isa = XCBuildConfiguration;
			buildSettings = {
				ALWAYS_EMBED_SWIFT_STANDARD_LIBRARIES = YES;
				BUNDLE_LOADER = "$(TEST_HOST)";
				CODE_SIGN_STYLE = Automatic;
				DEVELOPMENT_TEAM = 895Q7MTPTC;
				INFOPLIST_FILE = MagazineSaveTests/Info.plist;
				LD_RUNPATH_SEARCH_PATHS = "$(inherited) @executable_path/Frameworks @loader_path/Frameworks";
				PRODUCT_BUNDLE_IDENTIFIER = uk.egodev.MagazineSaveTests;
				PRODUCT_NAME = "$(TARGET_NAME)";
				SWIFT_VERSION = 4.0;
				TARGETED_DEVICE_FAMILY = "1,2";
				TEST_HOST = "$(BUILT_PRODUCTS_DIR)/MagazineSave.app/MagazineSave";
			};
			name = Debug;
		};
		709898F51F67E21F004FB6BE /* Release */ = {
			isa = XCBuildConfiguration;
			buildSettings = {
				ALWAYS_EMBED_SWIFT_STANDARD_LIBRARIES = YES;
				BUNDLE_LOADER = "$(TEST_HOST)";
				CODE_SIGN_STYLE = Automatic;
				DEVELOPMENT_TEAM = 895Q7MTPTC;
				INFOPLIST_FILE = MagazineSaveTests/Info.plist;
				LD_RUNPATH_SEARCH_PATHS = "$(inherited) @executable_path/Frameworks @loader_path/Frameworks";
				PRODUCT_BUNDLE_IDENTIFIER = uk.egodev.MagazineSaveTests;
				PRODUCT_NAME = "$(TARGET_NAME)";
				SWIFT_VERSION = 4.0;
				TARGETED_DEVICE_FAMILY = "1,2";
				TEST_HOST = "$(BUILT_PRODUCTS_DIR)/MagazineSave.app/MagazineSave";
			};
			name = Release;
		};
		709898F71F67E21F004FB6BE /* Debug */ = {
			isa = XCBuildConfiguration;
			buildSettings = {
				ALWAYS_EMBED_SWIFT_STANDARD_LIBRARIES = YES;
				CODE_SIGN_STYLE = Automatic;
				DEVELOPMENT_TEAM = 895Q7MTPTC;
				INFOPLIST_FILE = MagazineSaveUITests/Info.plist;
				LD_RUNPATH_SEARCH_PATHS = "$(inherited) @executable_path/Frameworks @loader_path/Frameworks";
				PRODUCT_BUNDLE_IDENTIFIER = uk.egodev.MagazineSaveUITests;
				PRODUCT_NAME = "$(TARGET_NAME)";
				SWIFT_VERSION = 4.0;
				TARGETED_DEVICE_FAMILY = "1,2";
				TEST_TARGET_NAME = MagazineSave;
			};
			name = Debug;
		};
		709898F81F67E21F004FB6BE /* Release */ = {
			isa = XCBuildConfiguration;
			buildSettings = {
				ALWAYS_EMBED_SWIFT_STANDARD_LIBRARIES = YES;
				CODE_SIGN_STYLE = Automatic;
				DEVELOPMENT_TEAM = 895Q7MTPTC;
				INFOPLIST_FILE = MagazineSaveUITests/Info.plist;
				LD_RUNPATH_SEARCH_PATHS = "$(inherited) @executable_path/Frameworks @loader_path/Frameworks";
				PRODUCT_BUNDLE_IDENTIFIER = uk.egodev.MagazineSaveUITests;
				PRODUCT_NAME = "$(TARGET_NAME)";
				SWIFT_VERSION = 4.0;
				TARGETED_DEVICE_FAMILY = "1,2";
				TEST_TARGET_NAME = MagazineSave;
			};
			name = Release;
		};
/* End XCBuildConfiguration section */

/* Begin XCConfigurationList section */
		709898C01F67E21F004FB6BE /* Build configuration list for PBXProject "MagazineSave" */ = {
			isa = XCConfigurationList;
			buildConfigurations = (
				709898EE1F67E21F004FB6BE /* Debug */,
				709898EF1F67E21F004FB6BE /* Release */,
			);
			defaultConfigurationIsVisible = 0;
			defaultConfigurationName = Release;
		};
		709898F01F67E21F004FB6BE /* Build configuration list for PBXNativeTarget "MagazineSave" */ = {
			isa = XCConfigurationList;
			buildConfigurations = (
				709898F11F67E21F004FB6BE /* Debug */,
				709898F21F67E21F004FB6BE /* Release */,
			);
			defaultConfigurationIsVisible = 0;
			defaultConfigurationName = Release;
		};
		709898F31F67E21F004FB6BE /* Build configuration list for PBXNativeTarget "MagazineSaveTests" */ = {
			isa = XCConfigurationList;
			buildConfigurations = (
				709898F41F67E21F004FB6BE /* Debug */,
				709898F51F67E21F004FB6BE /* Release */,
			);
			defaultConfigurationIsVisible = 0;
			defaultConfigurationName = Release;
		};
		709898F61F67E21F004FB6BE /* Build configuration list for PBXNativeTarget "MagazineSaveUITests" */ = {
			isa = XCConfigurationList;
			buildConfigurations = (
				709898F71F67E21F004FB6BE /* Debug */,
				709898F81F67E21F004FB6BE /* Release */,
			);
			defaultConfigurationIsVisible = 0;
			defaultConfigurationName = Release;
		};
/* End XCConfigurationList section */

/* Begin XCVersionGroup section */
		709898CF1F67E21F004FB6BE /* MagazineSave.xcdatamodeld */ = {
			isa = XCVersionGroup;
			children = (
				709898D01F67E21F004FB6BE /* MagazineSave.xcdatamodel */,
			);
			currentVersion = 709898D01F67E21F004FB6BE /* MagazineSave.xcdatamodel */;
			path = MagazineSave.xcdatamodeld;
			sourceTree = "<group>";
			versionGroupType = wrapper.xcdatamodel;
		};
/* End XCVersionGroup section */
	};
	rootObject = 709898BD1F67E21F004FB6BE /* Project object */;
}
